
Microsoft Visual Studio Solution File, Format Version 12.00
# Visual Studio Version 16
VisualStudioVersion = 16.0.29503.13
MinimumVisualStudioVersion = 10.0.40219.1
Project("{9A19103F-16F7-4668-BE54-9A1E7A4F7556}") = "PrintCenter.Api", "src\PrintCenter.Api\PrintCenter.Api.csproj", "{086FD478-5724-45C3-9947-34F201432B0D}"
EndProject
Project("{9A19103F-16F7-4668-BE54-9A1E7A4F7556}") = "PrintCenter.Domain", "src\PrintCenter.Domain\PrintCenter.Domain.csproj", "{8650302B-0F15-4980-B1D2-164CC1173D78}"
EndProject
Project("{9A19103F-16F7-4668-BE54-9A1E7A4F7556}") = "PrintCenter.Data", "src\PrintCenter.Data\PrintCenter.Data.csproj", "{D218115B-C459-4B20-8723-2A085C796CBE}"
EndProject
Project("{2150E333-8FDC-42A3-9474-1A3956D46DE8}") = "SolutionItems", "SolutionItems", "{2CC239C4-3C30-4634-A179-CC825021C13A}"
	ProjectSection(SolutionItems) = preProject
		.github\workflows\dotnetcore.yml = .github\workflows\dotnetcore.yml
		NuGet.Config = NuGet.Config
	EndProjectSection
EndProject
Project("{2150E333-8FDC-42A3-9474-1A3956D46DE8}") = "tests", "tests", "{9439A166-743B-4473-BA05-9C3A0B69D0CC}"
EndProject
Project("{2150E333-8FDC-42A3-9474-1A3956D46DE8}") = "src", "src", "{BE416F1C-D060-41A7-8A80-E895D739B351}"
EndProject
Project("{9A19103F-16F7-4668-BE54-9A1E7A4F7556}") = "PrintCenter.Infrastructure", "src\PrintCenter.Infrastructure\PrintCenter.Infrastructure.csproj", "{491C0005-A9FC-4252-B667-AD39A82989D8}"
EndProject
Project("{9A19103F-16F7-4668-BE54-9A1E7A4F7556}") = "_build", "build\_build.csproj", "{DB0BC660-256A-4132-BB86-5FCCF721D8EF}"
EndProject
Project("{E53339B2-1760-4266-BCC7-CA923CBCF16C}") = "docker-compose", "docker-compose.dcproj", "{44723FEF-6BB2-44F1-99ED-5CE3378BC37B}"
EndProject
Project("{9A19103F-16F7-4668-BE54-9A1E7A4F7556}") = "PrintCenter.Tests", "tests\PrintCenter.Tests\PrintCenter.Tests.csproj", "{2F0728B2-E433-458B-8177-3D67CEAFE232}"
EndProject
Project("{9A19103F-16F7-4668-BE54-9A1E7A4F7556}") = "PrintCenter.Shared", "src\PrintCenter.Shared\PrintCenter.Shared.csproj", "{7A498D97-5B7A-4805-BF56-E21875A6EE77}"
EndProject
Project("{2150E333-8FDC-42A3-9474-1A3956D46DE8}") = "spa", "spa", "{4C858372-009B-4892-A974-475291A3E914}"
EndProject
Project("{9A19103F-16F7-4668-BE54-9A1E7A4F7556}") = "PrintCenter.Web.Server", "src\PrintCenter.Web\Server\PrintCenter.Web.Server.csproj", "{CD813672-16B7-420C-AEFA-8CAEE8EFC107}"
EndProject
Project("{9A19103F-16F7-4668-BE54-9A1E7A4F7556}") = "PrintCenter.Web.Client", "src\PrintCenter.Web\Client\PrintCenter.Web.Client.csproj", "{0560D8EE-6D03-4A5A-84CB-EE6CD2D2998E}"
EndProject
Global
	GlobalSection(SolutionConfigurationPlatforms) = preSolution
		Debug|Any CPU = Debug|Any CPU
		Release|Any CPU = Release|Any CPU
	EndGlobalSection
	GlobalSection(ProjectConfigurationPlatforms) = postSolution
		{086FD478-5724-45C3-9947-34F201432B0D}.Debug|Any CPU.ActiveCfg = Debug|Any CPU
		{086FD478-5724-45C3-9947-34F201432B0D}.Debug|Any CPU.Build.0 = Debug|Any CPU
		{086FD478-5724-45C3-9947-34F201432B0D}.Release|Any CPU.ActiveCfg = Release|Any CPU
		{086FD478-5724-45C3-9947-34F201432B0D}.Release|Any CPU.Build.0 = Release|Any CPU
		{8650302B-0F15-4980-B1D2-164CC1173D78}.Debug|Any CPU.ActiveCfg = Debug|Any CPU
		{8650302B-0F15-4980-B1D2-164CC1173D78}.Debug|Any CPU.Build.0 = Debug|Any CPU
		{8650302B-0F15-4980-B1D2-164CC1173D78}.Release|Any CPU.ActiveCfg = Release|Any CPU
		{8650302B-0F15-4980-B1D2-164CC1173D78}.Release|Any CPU.Build.0 = Release|Any CPU
		{D218115B-C459-4B20-8723-2A085C796CBE}.Debug|Any CPU.ActiveCfg = Debug|Any CPU
		{D218115B-C459-4B20-8723-2A085C796CBE}.Debug|Any CPU.Build.0 = Debug|Any CPU
		{D218115B-C459-4B20-8723-2A085C796CBE}.Release|Any CPU.ActiveCfg = Release|Any CPU
		{D218115B-C459-4B20-8723-2A085C796CBE}.Release|Any CPU.Build.0 = Release|Any CPU
		{491C0005-A9FC-4252-B667-AD39A82989D8}.Debug|Any CPU.ActiveCfg = Debug|Any CPU
		{491C0005-A9FC-4252-B667-AD39A82989D8}.Debug|Any CPU.Build.0 = Debug|Any CPU
		{491C0005-A9FC-4252-B667-AD39A82989D8}.Release|Any CPU.ActiveCfg = Release|Any CPU
		{491C0005-A9FC-4252-B667-AD39A82989D8}.Release|Any CPU.Build.0 = Release|Any CPU
		{DB0BC660-256A-4132-BB86-5FCCF721D8EF}.Debug|Any CPU.ActiveCfg = Debug|Any CPU
		{DB0BC660-256A-4132-BB86-5FCCF721D8EF}.Release|Any CPU.ActiveCfg = Release|Any CPU
		{44723FEF-6BB2-44F1-99ED-5CE3378BC37B}.Debug|Any CPU.ActiveCfg = Debug|Any CPU
		{44723FEF-6BB2-44F1-99ED-5CE3378BC37B}.Debug|Any CPU.Build.0 = Debug|Any CPU
		{44723FEF-6BB2-44F1-99ED-5CE3378BC37B}.Release|Any CPU.ActiveCfg = Release|Any CPU
		{44723FEF-6BB2-44F1-99ED-5CE3378BC37B}.Release|Any CPU.Build.0 = Release|Any CPU
		{2F0728B2-E433-458B-8177-3D67CEAFE232}.Debug|Any CPU.ActiveCfg = Debug|Any CPU
		{2F0728B2-E433-458B-8177-3D67CEAFE232}.Debug|Any CPU.Build.0 = Debug|Any CPU
		{2F0728B2-E433-458B-8177-3D67CEAFE232}.Release|Any CPU.ActiveCfg = Release|Any CPU
		{2F0728B2-E433-458B-8177-3D67CEAFE232}.Release|Any CPU.Build.0 = Release|Any CPU
		{7A498D97-5B7A-4805-BF56-E21875A6EE77}.Debug|Any CPU.ActiveCfg = Debug|Any CPU
		{7A498D97-5B7A-4805-BF56-E21875A6EE77}.Debug|Any CPU.Build.0 = Debug|Any CPU
		{7A498D97-5B7A-4805-BF56-E21875A6EE77}.Release|Any CPU.ActiveCfg = Release|Any CPU
		{7A498D97-5B7A-4805-BF56-E21875A6EE77}.Release|Any CPU.Build.0 = Release|Any CPU
		{CD813672-16B7-420C-AEFA-8CAEE8EFC107}.Debug|Any CPU.ActiveCfg = Debug|Any CPU
		{CD813672-16B7-420C-AEFA-8CAEE8EFC107}.Debug|Any CPU.Build.0 = Debug|Any CPU
		{CD813672-16B7-420C-AEFA-8CAEE8EFC107}.Release|Any CPU.ActiveCfg = Release|Any CPU
		{CD813672-16B7-420C-AEFA-8CAEE8EFC107}.Release|Any CPU.Build.0 = Release|Any CPU
		{0560D8EE-6D03-4A5A-84CB-EE6CD2D2998E}.Debug|Any CPU.ActiveCfg = Debug|Any CPU
		{0560D8EE-6D03-4A5A-84CB-EE6CD2D2998E}.Debug|Any CPU.Build.0 = Debug|Any CPU
		{0560D8EE-6D03-4A5A-84CB-EE6CD2D2998E}.Release|Any CPU.ActiveCfg = Release|Any CPU
		{0560D8EE-6D03-4A5A-84CB-EE6CD2D2998E}.Release|Any CPU.Build.0 = Release|Any CPU
	EndGlobalSection
	GlobalSection(SolutionProperties) = preSolution
		HideSolutionNode = FALSE
	EndGlobalSection
	GlobalSection(NestedProjects) = preSolution
		{086FD478-5724-45C3-9947-34F201432B0D} = {BE416F1C-D060-41A7-8A80-E895D739B351}
		{8650302B-0F15-4980-B1D2-164CC1173D78} = {BE416F1C-D060-41A7-8A80-E895D739B351}
		{D218115B-C459-4B20-8723-2A085C796CBE} = {BE416F1C-D060-41A7-8A80-E895D739B351}
		{491C0005-A9FC-4252-B667-AD39A82989D8} = {BE416F1C-D060-41A7-8A80-E895D739B351}
		{2F0728B2-E433-458B-8177-3D67CEAFE232} = {9439A166-743B-4473-BA05-9C3A0B69D0CC}
		{7A498D97-5B7A-4805-BF56-E21875A6EE77} = {BE416F1C-D060-41A7-8A80-E895D739B351}
		{4C858372-009B-4892-A974-475291A3E914} = {BE416F1C-D060-41A7-8A80-E895D739B351}
		{CD813672-16B7-420C-AEFA-8CAEE8EFC107} = {4C858372-009B-4892-A974-475291A3E914}
		{0560D8EE-6D03-4A5A-84CB-EE6CD2D2998E} = {4C858372-009B-4892-A974-475291A3E914}
	EndGlobalSection
	GlobalSection(ExtensibilityGlobals) = postSolution
		SolutionGuid = {B6CCE505-9409-4769-BE30-0C817DB524A3}
	EndGlobalSection
EndGlobal
